
Microsoft Visual Studio Solution File, Format Version 12.00
# Visual Studio 14
VisualStudioVersion = 14.0.23107.0
MinimumVisualStudioVersion = 10.0.40219.1
Project("{2150E333-8FDC-42A3-9474-1A3956D46DE8}") = "Demos", "Demos", "{63770BDA-3329-474B-9C32-7D2658B4997B}"
EndProject
Project("{FAE04EC0-301F-11D3-BF4B-00C04F79EFBC}") = "AGSBlend", "Demos\AGSBlend\AGSBlend.csproj", "{5D706F87-73DF-43A8-BE30-25FD5BD6C99E}"
EndProject
Project("{FAE04EC0-301F-11D3-BF4B-00C04F79EFBC}") = "ManagedObjectDemo", "Demos\ManagedObjectDemo\ManagedObjectDemo.csproj", "{8BC192A8-9E1D-4DF8-BE1E-53953364FB6C}"
EndProject
Project("{FAE04EC0-301F-11D3-BF4B-00C04F79EFBC}") = "ScriptFunctionsDemo", "Demos\ScriptFunctionsDemo\ScriptFunctionsDemo.csproj", "{8ECF992E-2750-4EED-BCEC-3CF5F70C27AB}"
EndProject
Project("{FAE04EC0-301F-11D3-BF4B-00C04F79EFBC}") = "SlimDxDemo", "Demos\SlimDxDemo\SlimDxDemo.csproj", "{7ECBF2E1-FC56-41BC-BDB9-4BA94A449F55}"
EndProject
Project("{FAE04EC0-301F-11D3-BF4B-00C04F79EFBC}") = "AGSPluginSharp", "AGSPluginSharp\AGSPluginSharp.csproj", "{6D17E39E-C352-424D-81D0-6CB29FCF11E0}"
EndProject
Project("{FAE04EC0-301F-11D3-BF4B-00C04F79EFBC}") = "FontRendererDemo", "Demos\FontRendererDemo\FontRendererDemo.csproj", "{F0D113DB-CAB7-46FB-AD31-E548E998D873}"
EndProject
Global
	GlobalSection(SolutionConfigurationPlatforms) = preSolution
		Debug|Any CPU = Debug|Any CPU
		Debug|x86 = Debug|x86
		Release|Any CPU = Release|Any CPU
		Release|x86 = Release|x86
	EndGlobalSection
	GlobalSection(ProjectConfigurationPlatforms) = postSolution
		{5D706F87-73DF-43A8-BE30-25FD5BD6C99E}.Debug|Any CPU.ActiveCfg = Debug|Any CPU
		{5D706F87-73DF-43A8-BE30-25FD5BD6C99E}.Debug|Any CPU.Build.0 = Debug|Any CPU
		{5D706F87-73DF-43A8-BE30-25FD5BD6C99E}.Debug|x86.ActiveCfg = Debug|Any CPU
		{5D706F87-73DF-43A8-BE30-25FD5BD6C99E}.Debug|x86.Build.0 = Debug|Any CPU
		{5D706F87-73DF-43A8-BE30-25FD5BD6C99E}.Release|Any CPU.ActiveCfg = Release|Any CPU
		{5D706F87-73DF-43A8-BE30-25FD5BD6C99E}.Release|Any CPU.Build.0 = Release|Any CPU
		{5D706F87-73DF-43A8-BE30-25FD5BD6C99E}.Release|x86.ActiveCfg = Release|Any CPU
		{5D706F87-73DF-43A8-BE30-25FD5BD6C99E}.Release|x86.Build.0 = Release|Any CPU
		{8BC192A8-9E1D-4DF8-BE1E-53953364FB6C}.Debug|Any CPU.ActiveCfg = Debug|Any CPU
		{8BC192A8-9E1D-4DF8-BE1E-53953364FB6C}.Debug|Any CPU.Build.0 = Debug|Any CPU
		{8BC192A8-9E1D-4DF8-BE1E-53953364FB6C}.Debug|x86.ActiveCfg = Debug|Any CPU
		{8BC192A8-9E1D-4DF8-BE1E-53953364FB6C}.Debug|x86.Build.0 = Debug|Any CPU
		{8BC192A8-9E1D-4DF8-BE1E-53953364FB6C}.Release|Any CPU.ActiveCfg = Release|Any CPU
		{8BC192A8-9E1D-4DF8-BE1E-53953364FB6C}.Release|Any CPU.Build.0 = Release|Any CPU
		{8BC192A8-9E1D-4DF8-BE1E-53953364FB6C}.Release|x86.ActiveCfg = Release|Any CPU
		{8BC192A8-9E1D-4DF8-BE1E-53953364FB6C}.Release|x86.Build.0 = Release|Any CPU
		{8ECF992E-2750-4EED-BCEC-3CF5F70C27AB}.Debug|Any CPU.ActiveCfg = Debug|Any CPU
		{8ECF992E-2750-4EED-BCEC-3CF5F70C27AB}.Debug|Any CPU.Build.0 = Debug|Any CPU
		{8ECF992E-2750-4EED-BCEC-3CF5F70C27AB}.Debug|x86.ActiveCfg = Debug|Any CPU
		{8ECF992E-2750-4EED-BCEC-3CF5F70C27AB}.Debug|x86.Build.0 = Debug|Any CPU
		{8ECF992E-2750-4EED-BCEC-3CF5F70C27AB}.Release|Any CPU.ActiveCfg = Release|Any CPU
		{8ECF992E-2750-4EED-BCEC-3CF5F70C27AB}.Release|Any CPU.Build.0 = Release|Any CPU
		{8ECF992E-2750-4EED-BCEC-3CF5F70C27AB}.Release|x86.ActiveCfg = Release|Any CPU
		{8ECF992E-2750-4EED-BCEC-3CF5F70C27AB}.Release|x86.Build.0 = Release|Any CPU
		{7ECBF2E1-FC56-41BC-BDB9-4BA94A449F55}.Debug|Any CPU.ActiveCfg = Debug|Any CPU
		{7ECBF2E1-FC56-41BC-BDB9-4BA94A449F55}.Debug|Any CPU.Build.0 = Debug|Any CPU
		{7ECBF2E1-FC56-41BC-BDB9-4BA94A449F55}.Debug|x86.ActiveCfg = Debug|Any CPU
		{7ECBF2E1-FC56-41BC-BDB9-4BA94A449F55}.Debug|x86.Build.0 = Debug|Any CPU
		{7ECBF2E1-FC56-41BC-BDB9-4BA94A449F55}.Release|Any CPU.ActiveCfg = Release|Any CPU
		{7ECBF2E1-FC56-41BC-BDB9-4BA94A449F55}.Release|Any CPU.Build.0 = Release|Any CPU
		{7ECBF2E1-FC56-41BC-BDB9-4BA94A449F55}.Release|x86.ActiveCfg = Release|Any CPU
		{7ECBF2E1-FC56-41BC-BDB9-4BA94A449F55}.Release|x86.Build.0 = Release|Any CPU
		{6D17E39E-C352-424D-81D0-6CB29FCF11E0}.Debug|Any CPU.ActiveCfg = Debug|Any CPU
		{6D17E39E-C352-424D-81D0-6CB29FCF11E0}.Debug|Any CPU.Build.0 = Debug|Any CPU
		{6D17E39E-C352-424D-81D0-6CB29FCF11E0}.Debug|x86.ActiveCfg = Debug|Any CPU
		{6D17E39E-C352-424D-81D0-6CB29FCF11E0}.Debug|x86.Build.0 = Debug|Any CPU
		{6D17E39E-C352-424D-81D0-6CB29FCF11E0}.Release|Any CPU.ActiveCfg = Release|Any CPU
		{6D17E39E-C352-424D-81D0-6CB29FCF11E0}.Release|Any CPU.Build.0 = Release|Any CPU
		{6D17E39E-C352-424D-81D0-6CB29FCF11E0}.Release|x86.ActiveCfg = Release|Any CPU
		{6D17E39E-C352-424D-81D0-6CB29FCF11E0}.Release|x86.Build.0 = Release|Any CPU
		{F0D113DB-CAB7-46FB-AD31-E548E998D873}.Debug|Any CPU.ActiveCfg = Debug|Any CPU
		{F0D113DB-CAB7-46FB-AD31-E548E998D873}.Debug|Any CPU.Build.0 = Debug|Any CPU
		{F0D113DB-CAB7-46FB-AD31-E548E998D873}.Debug|x86.ActiveCfg = Debug|Any CPU
		{F0D113DB-CAB7-46FB-AD31-E548E998D873}.Debug|x86.Build.0 = Debug|Any CPU
		{F0D113DB-CAB7-46FB-AD31-E548E998D873}.Release|Any CPU.ActiveCfg = Release|Any CPU
		{F0D113DB-CAB7-46FB-AD31-E548E998D873}.Release|Any CPU.Build.0 = Release|Any CPU
		{F0D113DB-CAB7-46FB-AD31-E548E998D873}.Release|x86.ActiveCfg = Release|Any CPU
		{F0D113DB-CAB7-46FB-AD31-E548E998D873}.Release|x86.Build.0 = Release|Any CPU
	EndGlobalSection
	GlobalSection(SolutionProperties) = preSolution
		HideSolutionNode = FALSE
	EndGlobalSection
	GlobalSection(NestedProjects) = preSolution
		{5D706F87-73DF-43A8-BE30-25FD5BD6C99E} = {63770BDA-3329-474B-9C32-7D2658B4997B}
		{8BC192A8-9E1D-4DF8-BE1E-53953364FB6C} = {63770BDA-3329-474B-9C32-7D2658B4997B}
		{8ECF992E-2750-4EED-BCEC-3CF5F70C27AB} = {63770BDA-3329-474B-9C32-7D2658B4997B}
		{7ECBF2E1-FC56-41BC-BDB9-4BA94A449F55} = {63770BDA-3329-474B-9C32-7D2658B4997B}
		{F0D113DB-CAB7-46FB-AD31-E548E998D873} = {63770BDA-3329-474B-9C32-7D2658B4997B}
	EndGlobalSection
EndGlobal
